
Microsoft Visual Studio Solution File, Format Version 12.00
# Visual Studio 15
Project("{FAE04EC0-301F-11D3-BF4B-00C04F79EFBC}") = "Assembly-CSharp", "Assembly-CSharp.csproj", "{14BA33CB-61F9-793D-5286-08EAD8415ECE}"
EndProject
Project("{FAE04EC0-301F-11D3-BF4B-00C04F79EFBC}") = "Assembly-CSharp-firstpass", "Assembly-CSharp-firstpass.csproj", "{42BA769D-D54A-9AD6-A51D-D250A1FE2434}"
EndProject
Global
	GlobalSection(SolutionConfigurationPlatforms) = preSolution
		Debug|Any CPU = Debug|Any CPU
		Release|Any CPU = Release|Any CPU
	EndGlobalSection
	GlobalSection(ProjectConfigurationPlatforms) = postSolution
		{14BA33CB-61F9-793D-5286-08EAD8415ECE}.Debug|Any CPU.ActiveCfg = Debug|Any CPU
		{14BA33CB-61F9-793D-5286-08EAD8415ECE}.Debug|Any CPU.Build.0 = Debug|Any CPU
		{14BA33CB-61F9-793D-5286-08EAD8415ECE}.Release|Any CPU.ActiveCfg = Release|Any CPU
		{14BA33CB-61F9-793D-5286-08EAD8415ECE}.Release|Any CPU.Build.0 = Release|Any CPU
		{42BA769D-D54A-9AD6-A51D-D250A1FE2434}.Debug|Any CPU.ActiveCfg = Debug|Any CPU
		{42BA769D-D54A-9AD6-A51D-D250A1FE2434}.Debug|Any CPU.Build.0 = Debug|Any CPU
		{42BA769D-D54A-9AD6-A51D-D250A1FE2434}.Release|Any CPU.ActiveCfg = Release|Any CPU
		{42BA769D-D54A-9AD6-A51D-D250A1FE2434}.Release|Any CPU.Build.0 = Release|Any CPU
	EndGlobalSection
	GlobalSection(SolutionProperties) = preSolution
		HideSolutionNode = FALSE
	EndGlobalSection
EndGlobal
